{
  "name": "astro-abcjs",
  "version": "1.0.0",
  "lockfileVersion": 3,
  "requires": true,
  "packages": {
    "": {
      "name": "astro-abcjs",
      "version": "1.0.0",
      "license": "MIT",
      "dependencies": {
        "abcjs": "^6.6.0"
      },
      "devDependencies": {}
    },
    "node_modules/abcjs": {
      "version": "6.6.0",
      "resolved": "https://registry.npmjs.org/abcjs/-/abcjs-6.6.0.tgz",
      "integrity": "sha512-lYS+qwOOxFcFY5ZjNmS1l4RT6BxGd2juBOzLD5/PfLZ+jd0zz29CMI/SwxCWb0+cdKjTBc/EHO43lUGB93FaAw==",
      "license": "MIT",
      "funding": {
        "type": "github",
        "url": "https://github.com/sponsors/paulrosen"
      }
    }
  }
}
